
Microsoft Visual Studio Solution File, Format Version 12.00
# Visual Studio Version 17
VisualStudioVersion = 17.0.31903.59
MinimumVisualStudioVersion = 10.0.40219.1
Project("{FAE04EC0-301F-11D3-BF4B-00C04F79EFBC}") = "TestingCore", "TestingCore\TestingCore.csproj", "{C86EB79A-AD89-48E8-89D9-A375B62DE142}"
EndProject
Project("{FAE04EC0-301F-11D3-BF4B-00C04F79EFBC}") = "TestingCore.Tests", "TestingCore.Tests\TestingCore.Tests.csproj", "{F7FB5F9D-D794-4FB1-9CD6-D716F2E99F1C}"
EndProject
Project("{FAE04EC0-301F-11D3-BF4B-00C04F79EFBC}") = "TestingCore.Ports", "TestingCore.Ports\TestingCore.Ports.csproj", "{B47D2CB9-0091-4AC2-9BD7-E84331FA9FE3}"
EndProject
Project("{FAE04EC0-301F-11D3-BF4B-00C04F79EFBC}") = "TestingCore.Application", "TestingCore.Application\TestingCore.Application.csproj", "{7614A3C2-B631-44B4-8EC4-3E7BC97EFD85}"
EndProject
Project("{FAE04EC0-301F-11D3-BF4B-00C04F79EFBC}") = "TestingCore.Infrastructure", "TestingCore.Infrastructure\TestingCore.Infrastructure.csproj", "{9D88E536-2A70-48D6-B519-DDC5E110B1BB}"
EndProject
Project("{FAE04EC0-301F-11D3-BF4B-00C04F79EFBC}") = "TestingCore.Xunit", "TestingCore.Xunit\TestingCore.Xunit.csproj", "{BB2FA3CF-217E-44FB-9445-120E5C417F75}"
EndProject
Project("{FAE04EC0-301F-11D3-BF4B-00C04F79EFBC}") = "TestingCore.Impact.Cli", "TestingCore.Impact.Cli\TestingCore.Impact.Cli.csproj", "{496E5208-0629-4304-8570-760401A988D0}"
EndProject
Global
	GlobalSection(SolutionConfigurationPlatforms) = preSolution
		Debug|Any CPU = Debug|Any CPU
		Debug|x64 = Debug|x64
		Debug|x86 = Debug|x86
		Release|Any CPU = Release|Any CPU
		Release|x64 = Release|x64
		Release|x86 = Release|x86
	EndGlobalSection
	GlobalSection(ProjectConfigurationPlatforms) = postSolution
		{C86EB79A-AD89-48E8-89D9-A375B62DE142}.Debug|Any CPU.ActiveCfg = Debug|Any CPU
		{C86EB79A-AD89-48E8-89D9-A375B62DE142}.Debug|Any CPU.Build.0 = Debug|Any CPU
		{C86EB79A-AD89-48E8-89D9-A375B62DE142}.Debug|x64.ActiveCfg = Debug|Any CPU
		{C86EB79A-AD89-48E8-89D9-A375B62DE142}.Debug|x64.Build.0 = Debug|Any CPU
		{C86EB79A-AD89-48E8-89D9-A375B62DE142}.Debug|x86.ActiveCfg = Debug|Any CPU
		{C86EB79A-AD89-48E8-89D9-A375B62DE142}.Debug|x86.Build.0 = Debug|Any CPU
		{C86EB79A-AD89-48E8-89D9-A375B62DE142}.Release|Any CPU.ActiveCfg = Release|Any CPU
		{C86EB79A-AD89-48E8-89D9-A375B62DE142}.Release|Any CPU.Build.0 = Release|Any CPU
		{C86EB79A-AD89-48E8-89D9-A375B62DE142}.Release|x64.ActiveCfg = Release|Any CPU
		{C86EB79A-AD89-48E8-89D9-A375B62DE142}.Release|x64.Build.0 = Release|Any CPU
		{C86EB79A-AD89-48E8-89D9-A375B62DE142}.Release|x86.ActiveCfg = Release|Any CPU
		{C86EB79A-AD89-48E8-89D9-A375B62DE142}.Release|x86.Build.0 = Release|Any CPU
		{F7FB5F9D-D794-4FB1-9CD6-D716F2E99F1C}.Debug|Any CPU.ActiveCfg = Debug|Any CPU
		{F7FB5F9D-D794-4FB1-9CD6-D716F2E99F1C}.Debug|Any CPU.Build.0 = Debug|Any CPU
		{F7FB5F9D-D794-4FB1-9CD6-D716F2E99F1C}.Debug|x64.ActiveCfg = Debug|Any CPU
		{F7FB5F9D-D794-4FB1-9CD6-D716F2E99F1C}.Debug|x64.Build.0 = Debug|Any CPU
		{F7FB5F9D-D794-4FB1-9CD6-D716F2E99F1C}.Debug|x86.ActiveCfg = Debug|Any CPU
		{F7FB5F9D-D794-4FB1-9CD6-D716F2E99F1C}.Debug|x86.Build.0 = Debug|Any CPU
		{F7FB5F9D-D794-4FB1-9CD6-D716F2E99F1C}.Release|Any CPU.ActiveCfg = Release|Any CPU
		{F7FB5F9D-D794-4FB1-9CD6-D716F2E99F1C}.Release|Any CPU.Build.0 = Release|Any CPU
		{F7FB5F9D-D794-4FB1-9CD6-D716F2E99F1C}.Release|x64.ActiveCfg = Release|Any CPU
		{F7FB5F9D-D794-4FB1-9CD6-D716F2E99F1C}.Release|x64.Build.0 = Release|Any CPU
		{F7FB5F9D-D794-4FB1-9CD6-D716F2E99F1C}.Release|x86.ActiveCfg = Release|Any CPU
		{F7FB5F9D-D794-4FB1-9CD6-D716F2E99F1C}.Release|x86.Build.0 = Release|Any CPU
		{B47D2CB9-0091-4AC2-9BD7-E84331FA9FE3}.Debug|Any CPU.ActiveCfg = Debug|Any CPU
		{B47D2CB9-0091-4AC2-9BD7-E84331FA9FE3}.Debug|Any CPU.Build.0 = Debug|Any CPU
		{B47D2CB9-0091-4AC2-9BD7-E84331FA9FE3}.Debug|x64.ActiveCfg = Debug|Any CPU
		{B47D2CB9-0091-4AC2-9BD7-E84331FA9FE3}.Debug|x64.Build.0 = Debug|Any CPU
		{B47D2CB9-0091-4AC2-9BD7-E84331FA9FE3}.Debug|x86.ActiveCfg = Debug|Any CPU
		{B47D2CB9-0091-4AC2-9BD7-E84331FA9FE3}.Debug|x86.Build.0 = Debug|Any CPU
		{B47D2CB9-0091-4AC2-9BD7-E84331FA9FE3}.Release|Any CPU.ActiveCfg = Release|Any CPU
		{B47D2CB9-0091-4AC2-9BD7-E84331FA9FE3}.Release|Any CPU.Build.0 = Release|Any CPU
		{B47D2CB9-0091-4AC2-9BD7-E84331FA9FE3}.Release|x64.ActiveCfg = Release|Any CPU
		{B47D2CB9-0091-4AC2-9BD7-E84331FA9FE3}.Release|x64.Build.0 = Release|Any CPU
		{B47D2CB9-0091-4AC2-9BD7-E84331FA9FE3}.Release|x86.ActiveCfg = Release|Any CPU
		{B47D2CB9-0091-4AC2-9BD7-E84331FA9FE3}.Release|x86.Build.0 = Release|Any CPU
		{7614A3C2-B631-44B4-8EC4-3E7BC97EFD85}.Debug|Any CPU.ActiveCfg = Debug|Any CPU
		{7614A3C2-B631-44B4-8EC4-3E7BC97EFD85}.Debug|Any CPU.Build.0 = Debug|Any CPU
		{7614A3C2-B631-44B4-8EC4-3E7BC97EFD85}.Debug|x64.ActiveCfg = Debug|Any CPU
		{7614A3C2-B631-44B4-8EC4-3E7BC97EFD85}.Debug|x64.Build.0 = Debug|Any CPU
		{7614A3C2-B631-44B4-8EC4-3E7BC97EFD85}.Debug|x86.ActiveCfg = Debug|Any CPU
		{7614A3C2-B631-44B4-8EC4-3E7BC97EFD85}.Debug|x86.Build.0 = Debug|Any CPU
		{7614A3C2-B631-44B4-8EC4-3E7BC97EFD85}.Release|Any CPU.ActiveCfg = Release|Any CPU
		{7614A3C2-B631-44B4-8EC4-3E7BC97EFD85}.Release|Any CPU.Build.0 = Release|Any CPU
		{7614A3C2-B631-44B4-8EC4-3E7BC97EFD85}.Release|x64.ActiveCfg = Release|Any CPU
		{7614A3C2-B631-44B4-8EC4-3E7BC97EFD85}.Release|x64.Build.0 = Release|Any CPU
		{7614A3C2-B631-44B4-8EC4-3E7BC97EFD85}.Release|x86.ActiveCfg = Release|Any CPU
		{7614A3C2-B631-44B4-8EC4-3E7BC97EFD85}.Release|x86.Build.0 = Release|Any CPU
		{9D88E536-2A70-48D6-B519-DDC5E110B1BB}.Debug|Any CPU.ActiveCfg = Debug|Any CPU
		{9D88E536-2A70-48D6-B519-DDC5E110B1BB}.Debug|Any CPU.Build.0 = Debug|Any CPU
		{9D88E536-2A70-48D6-B519-DDC5E110B1BB}.Debug|x64.ActiveCfg = Debug|Any CPU
		{9D88E536-2A70-48D6-B519-DDC5E110B1BB}.Debug|x64.Build.0 = Debug|Any CPU
		{9D88E536-2A70-48D6-B519-DDC5E110B1BB}.Debug|x86.ActiveCfg = Debug|Any CPU
		{9D88E536-2A70-48D6-B519-DDC5E110B1BB}.Debug|x86.Build.0 = Debug|Any CPU
		{9D88E536-2A70-48D6-B519-DDC5E110B1BB}.Release|Any CPU.ActiveCfg = Release|Any CPU
		{9D88E536-2A70-48D6-B519-DDC5E110B1BB}.Release|Any CPU.Build.0 = Release|Any CPU
		{9D88E536-2A70-48D6-B519-DDC5E110B1BB}.Release|x64.ActiveCfg = Release|Any CPU
		{9D88E536-2A70-48D6-B519-DDC5E110B1BB}.Release|x64.Build.0 = Release|Any CPU
		{9D88E536-2A70-48D6-B519-DDC5E110B1BB}.Release|x86.ActiveCfg = Release|Any CPU
		{9D88E536-2A70-48D6-B519-DDC5E110B1BB}.Release|x86.Build.0 = Release|Any CPU
		{BB2FA3CF-217E-44FB-9445-120E5C417F75}.Debug|Any CPU.ActiveCfg = Debug|Any CPU
		{BB2FA3CF-217E-44FB-9445-120E5C417F75}.Debug|Any CPU.Build.0 = Debug|Any CPU
		{BB2FA3CF-217E-44FB-9445-120E5C417F75}.Debug|x64.ActiveCfg = Debug|Any CPU
		{BB2FA3CF-217E-44FB-9445-120E5C417F75}.Debug|x64.Build.0 = Debug|Any CPU
		{BB2FA3CF-217E-44FB-9445-120E5C417F75}.Debug|x86.ActiveCfg = Debug|Any CPU
		{BB2FA3CF-217E-44FB-9445-120E5C417F75}.Debug|x86.Build.0 = Debug|Any CPU
		{BB2FA3CF-217E-44FB-9445-120E5C417F75}.Release|Any CPU.ActiveCfg = Release|Any CPU
		{BB2FA3CF-217E-44FB-9445-120E5C417F75}.Release|Any CPU.Build.0 = Release|Any CPU
		{BB2FA3CF-217E-44FB-9445-120E5C417F75}.Release|x64.ActiveCfg = Release|Any CPU
		{BB2FA3CF-217E-44FB-9445-120E5C417F75}.Release|x64.Build.0 = Release|Any CPU
		{BB2FA3CF-217E-44FB-9445-120E5C417F75}.Release|x86.ActiveCfg = Release|Any CPU
		{BB2FA3CF-217E-44FB-9445-120E5C417F75}.Release|x86.Build.0 = Release|Any CPU
		{496E5208-0629-4304-8570-760401A988D0}.Debug|Any CPU.ActiveCfg = Debug|Any CPU
		{496E5208-0629-4304-8570-760401A988D0}.Debug|Any CPU.Build.0 = Debug|Any CPU
		{496E5208-0629-4304-8570-760401A988D0}.Debug|x64.ActiveCfg = Debug|Any CPU
		{496E5208-0629-4304-8570-760401A988D0}.Debug|x64.Build.0 = Debug|Any CPU
		{496E5208-0629-4304-8570-760401A988D0}.Debug|x86.ActiveCfg = Debug|Any CPU
		{496E5208-0629-4304-8570-760401A988D0}.Debug|x86.Build.0 = Debug|Any CPU
		{496E5208-0629-4304-8570-760401A988D0}.Release|Any CPU.ActiveCfg = Release|Any CPU
		{496E5208-0629-4304-8570-760401A988D0}.Release|Any CPU.Build.0 = Release|Any CPU
		{496E5208-0629-4304-8570-760401A988D0}.Release|x64.ActiveCfg = Release|Any CPU
		{496E5208-0629-4304-8570-760401A988D0}.Release|x64.Build.0 = Release|Any CPU
		{496E5208-0629-4304-8570-760401A988D0}.Release|x86.ActiveCfg = Release|Any CPU
		{496E5208-0629-4304-8570-760401A988D0}.Release|x86.Build.0 = Release|Any CPU
	EndGlobalSection
	GlobalSection(SolutionProperties) = preSolution
		HideSolutionNode = FALSE
	EndGlobalSection
EndGlobal